
Microsoft Visual Studio Solution File, Format Version 12.00
# Visual Studio Version 17
VisualStudioVersion = 17.11.35327.3
MinimumVisualStudioVersion = 10.0.40219.1
Project("{9A19103F-16F7-4668-BE54-9A1E7A4F7556}") = "RemoteSFTPSyncCore", "RemoteSFTPSync\RemoteSFTPSyncCore.csproj", "{78CE1CF5-10B3-4BAD-9EE2-EDF32D138338}"
EndProject
Project("{FAE04EC0-301F-11D3-BF4B-00C04F79EFBC}") = "Renci.SshNet", "SSH.NET\src\Renci.SshNet\Renci.SshNet.csproj", "{2F5F8C90-0BD1-424F-997C-7BC6280919D1}"
EndProject
Project("{930C7802-8A8C-48F9-8165-68863BCCD9DD}") = "SFTPSyncSetup", "SFTPSyncSetup\SFTPSyncSetup.wixproj", "{5074CBCB-641B-4A9C-B3BC-8DD0B78810A6}"
EndProject
Project("{FAE04EC0-301F-11D3-BF4B-00C04F79EFBC}") = "SFTPSync", "SFTPSync\SFTPSync.csproj", "{84DE4273-4210-4577-831B-6B19F2C97C3F}"
EndProject
Project("{FAE04EC0-301F-11D3-BF4B-00C04F79EFBC}") = "SFTPSyncStop", "SftpSyncStop\SFTPSyncStop.csproj", "{297F3972-ECB1-4BEB-858C-4FAE54349FDC}"
EndProject
Global
	GlobalSection(SolutionConfigurationPlatforms) = preSolution
		Debug|Any CPU = Debug|Any CPU
		Debug|x86 = Debug|x86
		Release|Any CPU = Release|Any CPU
		Release|x86 = Release|x86
	EndGlobalSection
	GlobalSection(ProjectConfigurationPlatforms) = postSolution
		{78CE1CF5-10B3-4BAD-9EE2-EDF32D138338}.Debug|Any CPU.ActiveCfg = Debug|Any CPU
		{78CE1CF5-10B3-4BAD-9EE2-EDF32D138338}.Debug|Any CPU.Build.0 = Debug|Any CPU
		{78CE1CF5-10B3-4BAD-9EE2-EDF32D138338}.Debug|x86.ActiveCfg = Debug|Any CPU
		{78CE1CF5-10B3-4BAD-9EE2-EDF32D138338}.Debug|x86.Build.0 = Debug|Any CPU
		{78CE1CF5-10B3-4BAD-9EE2-EDF32D138338}.Release|Any CPU.ActiveCfg = Release|Any CPU
		{78CE1CF5-10B3-4BAD-9EE2-EDF32D138338}.Release|Any CPU.Build.0 = Release|Any CPU
		{78CE1CF5-10B3-4BAD-9EE2-EDF32D138338}.Release|x86.ActiveCfg = Release|Any CPU
		{78CE1CF5-10B3-4BAD-9EE2-EDF32D138338}.Release|x86.Build.0 = Release|Any CPU
		{2F5F8C90-0BD1-424F-997C-7BC6280919D1}.Debug|Any CPU.ActiveCfg = Debug|Any CPU
		{2F5F8C90-0BD1-424F-997C-7BC6280919D1}.Debug|Any CPU.Build.0 = Debug|Any CPU
		{2F5F8C90-0BD1-424F-997C-7BC6280919D1}.Debug|x86.ActiveCfg = Debug|Any CPU
		{2F5F8C90-0BD1-424F-997C-7BC6280919D1}.Debug|x86.Build.0 = Debug|Any CPU
		{2F5F8C90-0BD1-424F-997C-7BC6280919D1}.Release|Any CPU.ActiveCfg = Release|Any CPU
		{2F5F8C90-0BD1-424F-997C-7BC6280919D1}.Release|Any CPU.Build.0 = Release|Any CPU
		{2F5F8C90-0BD1-424F-997C-7BC6280919D1}.Release|x86.ActiveCfg = Release|Any CPU
		{2F5F8C90-0BD1-424F-997C-7BC6280919D1}.Release|x86.Build.0 = Release|Any CPU
		{5074CBCB-641B-4A9C-B3BC-8DD0B78810A6}.Debug|Any CPU.ActiveCfg = Release|x86
		{5074CBCB-641B-4A9C-B3BC-8DD0B78810A6}.Debug|x86.ActiveCfg = Debug|x86
		{5074CBCB-641B-4A9C-B3BC-8DD0B78810A6}.Debug|x86.Build.0 = Debug|x86
		{5074CBCB-641B-4A9C-B3BC-8DD0B78810A6}.Release|Any CPU.ActiveCfg = Release|x86
		{5074CBCB-641B-4A9C-B3BC-8DD0B78810A6}.Release|x86.ActiveCfg = Release|x86
		{5074CBCB-641B-4A9C-B3BC-8DD0B78810A6}.Release|x86.Build.0 = Release|x86
		{84DE4273-4210-4577-831B-6B19F2C97C3F}.Debug|Any CPU.ActiveCfg = Debug|Any CPU
		{84DE4273-4210-4577-831B-6B19F2C97C3F}.Debug|Any CPU.Build.0 = Debug|Any CPU
		{84DE4273-4210-4577-831B-6B19F2C97C3F}.Debug|x86.ActiveCfg = Debug|Any CPU
		{84DE4273-4210-4577-831B-6B19F2C97C3F}.Debug|x86.Build.0 = Debug|Any CPU
		{84DE4273-4210-4577-831B-6B19F2C97C3F}.Release|Any CPU.ActiveCfg = Release|Any CPU
		{84DE4273-4210-4577-831B-6B19F2C97C3F}.Release|Any CPU.Build.0 = Release|Any CPU
		{84DE4273-4210-4577-831B-6B19F2C97C3F}.Release|x86.ActiveCfg = Release|Any CPU
		{84DE4273-4210-4577-831B-6B19F2C97C3F}.Release|x86.Build.0 = Release|Any CPU
		{297F3972-ECB1-4BEB-858C-4FAE54349FDC}.Debug|Any CPU.ActiveCfg = Debug|Any CPU
		{297F3972-ECB1-4BEB-858C-4FAE54349FDC}.Debug|Any CPU.Build.0 = Debug|Any CPU
		{297F3972-ECB1-4BEB-858C-4FAE54349FDC}.Debug|x86.ActiveCfg = Debug|Any CPU
		{297F3972-ECB1-4BEB-858C-4FAE54349FDC}.Debug|x86.Build.0 = Debug|Any CPU
		{297F3972-ECB1-4BEB-858C-4FAE54349FDC}.Release|Any CPU.ActiveCfg = Release|Any CPU
		{297F3972-ECB1-4BEB-858C-4FAE54349FDC}.Release|Any CPU.Build.0 = Release|Any CPU
		{297F3972-ECB1-4BEB-858C-4FAE54349FDC}.Release|x86.ActiveCfg = Release|Any CPU
		{297F3972-ECB1-4BEB-858C-4FAE54349FDC}.Release|x86.Build.0 = Release|Any CPU
	EndGlobalSection
	GlobalSection(SolutionProperties) = preSolution
		HideSolutionNode = FALSE
	EndGlobalSection
	GlobalSection(ExtensibilityGlobals) = postSolution
		SolutionGuid = {E3A77139-D17E-4D1B-B0B4-CCE29731C9C4}
	EndGlobalSection
EndGlobal
